// !$*UTF8*$!
{
 archiveVersion = 1;
 classes = { };
 objectVersion = 56;
 objects = {
  000000000000000000000001 = {isa = PBXBuildFile; fileRef = 000000000000000000000010; };
  000000000000000000000002 = {isa = PBXBuildFile; fileRef = 000000000000000000000011; };
  000000000000000000000010 = {isa = PBXFileReference; lastKnownFileType = sourcecode.swift; path = AppDelegate.swift; sourceTree = "<group>"; };
  000000000000000000000011 = {isa = PBXFileReference; lastKnownFileType = file.storyboard; path = Base.lproj/LaunchScreen.storyboard; sourceTree = "<group>"; };
  000000000000000000000012 = {isa = PBXFileReference; lastKnownFileType = text.plist.xml; path = Info.plist; sourceTree = "<group>"; };
  000000000000000000000013 = {isa = PBXFileReference; lastKnownFileType = wrapper.framework; name = Flutter; path = Flutter; sourceTree = "<group>"; };
  000000000000000000000020 = {isa = PBXGroup; children = (000000000000000000000010,000000000000000000000011,000000000000000000000012,); path = Runner; sourceTree = "<group>"; };
  000000000000000000000021 = {isa = PBXGroup; children = (000000000000000000000020,000000000000000000000013,); sourceTree = "<group>"; };
  000000000000000000000030 = {isa = PBXNativeTarget; buildConfigurationList = 000000000000000000000050; buildPhases = (000000000000000000000040,000000000000000000000041,); name = Runner; productName = Runner; productReference = 000000000000000000000031; productType = "com.apple.product-type.application"; };
  000000000000000000000031 = {isa = PBXFileReference; explicitFileType = wrapper.application; path = Runner.app; sourceTree = BUILT_PRODUCTS_DIR; };
  000000000000000000000040 = {isa = PBXSourcesBuildPhase; files = (000000000000000000000001,); };
  000000000000000000000041 = {isa = PBXResourcesBuildPhase; files = (000000000000000000000002,); };
  000000000000000000000042 = {isa = PBXFrameworksBuildPhase; files = (); };
  000000000000000000000050 = {isa = XCConfigurationList; buildConfigurations = (000000000000000000000060,000000000000000000000061,); defaultConfigurationIsVisible = 0; defaultConfigurationName = Release; };
  000000000000000000000060 = {isa = XCBuildConfiguration; name = Debug; buildSettings = { PRODUCT_BUNDLE_IDENTIFIER = com.torbaga.prof; INFOPLIST_FILE = Runner/Info.plist; SWIFT_VERSION = 5.0; IPHONEOS_DEPLOYMENT_TARGET = 13.0; TARGETED_DEVICE_FAMILY = "1,2"; }; };
  000000000000000000000061 = {isa = XCBuildConfiguration; name = Release; buildSettings = { PRODUCT_BUNDLE_IDENTIFIER = com.torbaga.prof; INFOPLIST_FILE = Runner/Info.plist; SWIFT_VERSION = 5.0; IPHONEOS_DEPLOYMENT_TARGET = 13.0; TARGETED_DEVICE_FAMILY = "1,2"; }; };
  000000000000000000000070 = {isa = PBXProject; buildConfigurationList = 000000000000000000000071; compatibilityVersion = "Xcode 14.0"; developmentRegion = en; hasScannedForEncodings = 0; mainGroup = 000000000000000000000021; productRefGroup = 000000000000000000000080; projectDirPath = ""; projectRoot = ""; targets = (000000000000000000000030,); };
  000000000000000000000071 = {isa = XCConfigurationList; buildConfigurations = (000000000000000000000072,000000000000000000000073,); defaultConfigurationIsVisible = 0; defaultConfigurationName = Release; };
  000000000000000000000072 = {isa = XCBuildConfiguration; name = Debug; buildSettings = { SDKROOT = iphoneos; }; };
  000000000000000000000073 = {isa = XCBuildConfiguration; name = Release; buildSettings = { SDKROOT = iphoneos; }; };
  000000000000000000000080 = {isa = PBXGroup; name = Products; children = (000000000000000000000031,); sourceTree = "<group>"; };
 };
 rootObject = 000000000000000000000070;
}
